
Microsoft Visual Studio Solution File, Format Version 12.00
# Visual Studio 14
VisualStudioVersion = 14.0.25420.1
MinimumVisualStudioVersion = 10.0.40219.1
Project("{8BC9CEB8-8B4A-11D0-8D11-00A0C91BC942}") = "选择语句", "选择语句\选择语句.vcxproj", "{97BDA16D-D092-452D-9764-3604BE07B107}"
EndProject
Project("{8BC9CEB8-8B4A-11D0-8D11-00A0C91BC942}") = "循环语句", "循环语句\循环语句.vcxproj", "{927B57F7-DB64-4392-AD42-33476B89125B}"
EndProject
Project("{8BC9CEB8-8B4A-11D0-8D11-00A0C91BC942}") = "打印语句", "打印语句\打印语句.vcxproj", "{5713DE02-436E-493F-B5AE-47A7EEB90392}"
EndProject
Project("{8BC9CEB8-8B4A-11D0-8D11-00A0C91BC942}") = "数据类型", "数据类型\数据类型.vcxproj", "{555512E0-8A26-4970-BAEF-C458AEB6D498}"
EndProject
Project("{8BC9CEB8-8B4A-11D0-8D11-00A0C91BC942}") = "数组类型", "数组类型\数组类型.vcxproj", "{9F05DDD2-B462-412E-A599-85600FC207EF}"
EndProject
Project("{8BC9CEB8-8B4A-11D0-8D11-00A0C91BC942}") = "结构体类型", "结构体类型\结构体类型.vcxproj", "{DC69CE8B-859F-4504-BCFD-1337E9CEFC67}"
EndProject
Project("{8BC9CEB8-8B4A-11D0-8D11-00A0C91BC942}") = "函数类型", "函数类型\函数类型.vcxproj", "{59D7961A-6DB3-499F-A709-0AB18DAC6F0F}"
EndProject
Global
	GlobalSection(SolutionConfigurationPlatforms) = preSolution
		Debug|x64 = Debug|x64
		Debug|x86 = Debug|x86
		Release|x64 = Release|x64
		Release|x86 = Release|x86
	EndGlobalSection
	GlobalSection(ProjectConfigurationPlatforms) = postSolution
		{97BDA16D-D092-452D-9764-3604BE07B107}.Debug|x64.ActiveCfg = Debug|x64
		{97BDA16D-D092-452D-9764-3604BE07B107}.Debug|x64.Build.0 = Debug|x64
		{97BDA16D-D092-452D-9764-3604BE07B107}.Debug|x86.ActiveCfg = Debug|Win32
		{97BDA16D-D092-452D-9764-3604BE07B107}.Debug|x86.Build.0 = Debug|Win32
		{97BDA16D-D092-452D-9764-3604BE07B107}.Release|x64.ActiveCfg = Release|x64
		{97BDA16D-D092-452D-9764-3604BE07B107}.Release|x64.Build.0 = Release|x64
		{97BDA16D-D092-452D-9764-3604BE07B107}.Release|x86.ActiveCfg = Release|Win32
		{97BDA16D-D092-452D-9764-3604BE07B107}.Release|x86.Build.0 = Release|Win32
		{927B57F7-DB64-4392-AD42-33476B89125B}.Debug|x64.ActiveCfg = Debug|x64
		{927B57F7-DB64-4392-AD42-33476B89125B}.Debug|x64.Build.0 = Debug|x64
		{927B57F7-DB64-4392-AD42-33476B89125B}.Debug|x86.ActiveCfg = Debug|Win32
		{927B57F7-DB64-4392-AD42-33476B89125B}.Debug|x86.Build.0 = Debug|Win32
		{927B57F7-DB64-4392-AD42-33476B89125B}.Release|x64.ActiveCfg = Release|x64
		{927B57F7-DB64-4392-AD42-33476B89125B}.Release|x64.Build.0 = Release|x64
		{927B57F7-DB64-4392-AD42-33476B89125B}.Release|x86.ActiveCfg = Release|Win32
		{927B57F7-DB64-4392-AD42-33476B89125B}.Release|x86.Build.0 = Release|Win32
		{5713DE02-436E-493F-B5AE-47A7EEB90392}.Debug|x64.ActiveCfg = Debug|x64
		{5713DE02-436E-493F-B5AE-47A7EEB90392}.Debug|x64.Build.0 = Debug|x64
		{5713DE02-436E-493F-B5AE-47A7EEB90392}.Debug|x86.ActiveCfg = Debug|Win32
		{5713DE02-436E-493F-B5AE-47A7EEB90392}.Debug|x86.Build.0 = Debug|Win32
		{5713DE02-436E-493F-B5AE-47A7EEB90392}.Release|x64.ActiveCfg = Release|x64
		{5713DE02-436E-493F-B5AE-47A7EEB90392}.Release|x64.Build.0 = Release|x64
		{5713DE02-436E-493F-B5AE-47A7EEB90392}.Release|x86.ActiveCfg = Release|Win32
		{5713DE02-436E-493F-B5AE-47A7EEB90392}.Release|x86.Build.0 = Release|Win32
		{555512E0-8A26-4970-BAEF-C458AEB6D498}.Debug|x64.ActiveCfg = Debug|x64
		{555512E0-8A26-4970-BAEF-C458AEB6D498}.Debug|x64.Build.0 = Debug|x64
		{555512E0-8A26-4970-BAEF-C458AEB6D498}.Debug|x86.ActiveCfg = Debug|Win32
		{555512E0-8A26-4970-BAEF-C458AEB6D498}.Debug|x86.Build.0 = Debug|Win32
		{555512E0-8A26-4970-BAEF-C458AEB6D498}.Release|x64.ActiveCfg = Release|x64
		{555512E0-8A26-4970-BAEF-C458AEB6D498}.Release|x64.Build.0 = Release|x64
		{555512E0-8A26-4970-BAEF-C458AEB6D498}.Release|x86.ActiveCfg = Release|Win32
		{555512E0-8A26-4970-BAEF-C458AEB6D498}.Release|x86.Build.0 = Release|Win32
		{9F05DDD2-B462-412E-A599-85600FC207EF}.Debug|x64.ActiveCfg = Debug|x64
		{9F05DDD2-B462-412E-A599-85600FC207EF}.Debug|x64.Build.0 = Debug|x64
		{9F05DDD2-B462-412E-A599-85600FC207EF}.Debug|x86.ActiveCfg = Debug|Win32
		{9F05DDD2-B462-412E-A599-85600FC207EF}.Debug|x86.Build.0 = Debug|Win32
		{9F05DDD2-B462-412E-A599-85600FC207EF}.Release|x64.ActiveCfg = Release|x64
		{9F05DDD2-B462-412E-A599-85600FC207EF}.Release|x64.Build.0 = Release|x64
		{9F05DDD2-B462-412E-A599-85600FC207EF}.Release|x86.ActiveCfg = Release|Win32
		{9F05DDD2-B462-412E-A599-85600FC207EF}.Release|x86.Build.0 = Release|Win32
		{DC69CE8B-859F-4504-BCFD-1337E9CEFC67}.Debug|x64.ActiveCfg = Debug|x64
		{DC69CE8B-859F-4504-BCFD-1337E9CEFC67}.Debug|x64.Build.0 = Debug|x64
		{DC69CE8B-859F-4504-BCFD-1337E9CEFC67}.Debug|x86.ActiveCfg = Debug|Win32
		{DC69CE8B-859F-4504-BCFD-1337E9CEFC67}.Debug|x86.Build.0 = Debug|Win32
		{DC69CE8B-859F-4504-BCFD-1337E9CEFC67}.Release|x64.ActiveCfg = Release|x64
		{DC69CE8B-859F-4504-BCFD-1337E9CEFC67}.Release|x64.Build.0 = Release|x64
		{DC69CE8B-859F-4504-BCFD-1337E9CEFC67}.Release|x86.ActiveCfg = Release|Win32
		{DC69CE8B-859F-4504-BCFD-1337E9CEFC67}.Release|x86.Build.0 = Release|Win32
		{59D7961A-6DB3-499F-A709-0AB18DAC6F0F}.Debug|x64.ActiveCfg = Debug|x64
		{59D7961A-6DB3-499F-A709-0AB18DAC6F0F}.Debug|x64.Build.0 = Debug|x64
		{59D7961A-6DB3-499F-A709-0AB18DAC6F0F}.Debug|x86.ActiveCfg = Debug|Win32
		{59D7961A-6DB3-499F-A709-0AB18DAC6F0F}.Debug|x86.Build.0 = Debug|Win32
		{59D7961A-6DB3-499F-A709-0AB18DAC6F0F}.Release|x64.ActiveCfg = Release|x64
		{59D7961A-6DB3-499F-A709-0AB18DAC6F0F}.Release|x64.Build.0 = Release|x64
		{59D7961A-6DB3-499F-A709-0AB18DAC6F0F}.Release|x86.ActiveCfg = Release|Win32
		{59D7961A-6DB3-499F-A709-0AB18DAC6F0F}.Release|x86.Build.0 = Release|Win32
	EndGlobalSection
	GlobalSection(SolutionProperties) = preSolution
		HideSolutionNode = FALSE
	EndGlobalSection
EndGlobal
